{
  "name": "imdb-data-builder",
  "version": "1.0.0",
  "lockfileVersion": 3,
  "requires": true,
  "packages": {
    "": {
      "name": "imdb-data-builder",
      "version": "1.0.0",
      "dependencies": {
        "node-fetch": "^3.3.2"
      },
      "engines": {
        "node": ">=18.0.0"
      }
    },
    "node_modules/data-uri-to-buffer": {
      "version": "4.0.1",
      "resolved": "https://registry.npmjs.org/data-uri-to-buffer/-/data-uri-to-buffer-4.0.1.tgz",
      "integrity": "sha512-0R9lX3b51rP2M0a1e7g1JtD1j/8j1r7ECSKLg8x2i34zP5n/73MZrD7+k80e70O1L1119+1Qk115VYo1z+Js8Jg==",
      "engines": {
        "node": ">= 12"
      }
    },
    "node_modules/fetch-blob": {
      "version": "3.2.0",
      "resolved": "https://registry.npmjs.org/fetch-blob/-/fetch-blob-3.2.0.tgz",
      "integrity": "sha512-7w5G/72n2kP146ek16l1s1x0Yq9k+z3m0X1r2i5vPo80K4v38o11+T7Z8pL0C046q1Q3k1u1/S8qA3w3wQW11g==",
      "engines": {
        "node": "^12.20 || >= 14.13"
      }
    },
    "node_modules/node-fetch": {
      "version": "3.3.2",
      "resolved": "https://registry.npmjs.org/node-fetch/-/node-fetch-3.3.2.tgz",
      "integrity": "sha512-bRB7e2T3iK1KqGWHfA1+wKkzp1eX4a0M+r7XW/B/zD+2G1eP1jH57/OAK+r5u18B1vKAE/e946A6g+2+9K+H/g==",
      "dependencies": {
        "data-uri-to-buffer": "^4.0.0",
        "fetch-blob": "^3.1.4"
      },
      "engines": {
        "node": "^12.20.0 || ^14.13.1 || >=16.0.0"
      },
      "funding": {
        "type": "opencollective",
        "url": "https://opencollective.com/node-fetch"
      }
    }
  }
}
